
Microsoft Visual Studio Solution File, Format Version 12.00
# Visual Studio Version 17
VisualStudioVersion = 17.7.34018.315
MinimumVisualStudioVersion = 10.0.40219.1
Project("{FAE04EC0-301F-11D3-BF4B-00C04F79EFBC}") = "StokTakip.WepApp", "StokTakip.WepApp\StokTakip.WepApp.csproj", "{A2A92483-9254-4679-85FE-A8EE8F509636}"
EndProject
Global
	GlobalSection(SolutionConfigurationPlatforms) = preSolution
		Debug|Any CPU = Debug|Any CPU
		Release|Any CPU = Release|Any CPU
	EndGlobalSection
	GlobalSection(ProjectConfigurationPlatforms) = postSolution
		{A2A92483-9254-4679-85FE-A8EE8F509636}.Debug|Any CPU.ActiveCfg = Debug|Any CPU
		{A2A92483-9254-4679-85FE-A8EE8F509636}.Debug|Any CPU.Build.0 = Debug|Any CPU
		{A2A92483-9254-4679-85FE-A8EE8F509636}.Release|Any CPU.ActiveCfg = Release|Any CPU
		{A2A92483-9254-4679-85FE-A8EE8F509636}.Release|Any CPU.Build.0 = Release|Any CPU
	EndGlobalSection
	GlobalSection(SolutionProperties) = preSolution
		HideSolutionNode = FALSE
	EndGlobalSection
	GlobalSection(ExtensibilityGlobals) = postSolution
		SolutionGuid = {503A2E43-9D0E-4276-BF7D-DF42CC019422}
	EndGlobalSection
EndGlobal
